{
  "nodes": {
    "nixpkgs": {
      "locked": {
        "lastModified": 1705680802,
        "narHash": "sha256-XEi+cHFlHcxEVFKCODevXY0roA4pK+lnxx2wmuZ1Q8g=",
        "owner": "NixOS",
        "repo": "nixpkgs",
        "rev": "4c9924f1cb3c6de9ed55fbad86a3dbacc1d7ab3b",
        "type": "github"
      },
      "original": {
        "owner": "NixOS",
        "ref": "master",
        "repo": "nixpkgs",
        "type": "github"
      }
    },
    "root": {
      "inputs": {
        "nixpkgs": "nixpkgs"
      }
    }
  },
  "root": "root",
  "version": 7
}
